
Microsoft Visual Studio Solution File, Format Version 10.00
# Visual Studio 2008
Project("{8BC9CEB8-8B4A-11D0-8D11-00A0C91BC942}") = "Hygeia", "Hygeia\Hygeia.vcproj", "{95276688-DE86-49C7-901F-C1461DFCE319}"
EndProject
Project("{8BC9CEB8-8B4A-11D0-8D11-00A0C91BC942}") = "frame", "frame\frame.vcproj", "{D9EAD2DF-0AE4-4223-9260-C6F6D1438550}"
EndProject
Project("{8BC9CEB8-8B4A-11D0-8D11-00A0C91BC942}") = "tt", "tt\tt.vcproj", "{F0D916DF-DF90-4874-B07B-235D4B17A8A1}"
EndProject
Project("{8BC9CEB8-8B4A-11D0-8D11-00A0C91BC942}") = "test_tt", "test_tt\test_tt.vcproj", "{19DFE69F-20E0-4476-9EC6-44FA56011EDB}"
	ProjectSection(ProjectDependencies) = postProject
		{C46E192F-0231-435F-A3EC-8E971CF55CCC} = {C46E192F-0231-435F-A3EC-8E971CF55CCC}
	EndProjectSection
EndProject
Project("{8BC9CEB8-8B4A-11D0-8D11-00A0C91BC942}") = "new_frame", "new_frame\new_frame.vcproj", "{C46E192F-0231-435F-A3EC-8E971CF55CCC}"
	ProjectSection(ProjectDependencies) = postProject
		{A1606B27-1041-4C3F-BC1C-C3760280344D} = {A1606B27-1041-4C3F-BC1C-C3760280344D}
	EndProjectSection
EndProject
Project("{2150E333-8FDC-42A3-9474-1A3956D46DE8}") = "libevent", "libevent", "{343C53F4-B1C9-4C1C-8640-82EBEB14982E}"
EndProject
Project("{8BC9CEB8-8B4A-11D0-8D11-00A0C91BC942}") = "libevent_extras", "libevent_extras\libevent_extras.vcproj", "{06061BB0-8F8D-461C-8DA2-A1E5E640B2BF}"
EndProject
Project("{8BC9CEB8-8B4A-11D0-8D11-00A0C91BC942}") = "libevent", "libevent\libevent.vcproj", "{A1606B27-1041-4C3F-BC1C-C3760280344D}"
EndProject
Project("{8BC9CEB8-8B4A-11D0-8D11-00A0C91BC942}") = "libevent_core", "libevent_core\libevent_core.vcproj", "{2C9C764C-7D9A-46FB-A717-7D427D38FE83}"
EndProject
Global
	GlobalSection(SolutionConfigurationPlatforms) = preSolution
		Debug|Win32 = Debug|Win32
		Debug|x64 = Debug|x64
		Release|Win32 = Release|Win32
		Release|x64 = Release|x64
	EndGlobalSection
	GlobalSection(ProjectConfigurationPlatforms) = postSolution
		{95276688-DE86-49C7-901F-C1461DFCE319}.Debug|Win32.ActiveCfg = Debug|Win32
		{95276688-DE86-49C7-901F-C1461DFCE319}.Debug|Win32.Build.0 = Debug|Win32
		{95276688-DE86-49C7-901F-C1461DFCE319}.Debug|x64.ActiveCfg = Debug|x64
		{95276688-DE86-49C7-901F-C1461DFCE319}.Debug|x64.Build.0 = Debug|x64
		{95276688-DE86-49C7-901F-C1461DFCE319}.Release|Win32.ActiveCfg = Release|Win32
		{95276688-DE86-49C7-901F-C1461DFCE319}.Release|Win32.Build.0 = Release|Win32
		{95276688-DE86-49C7-901F-C1461DFCE319}.Release|x64.ActiveCfg = Release|x64
		{95276688-DE86-49C7-901F-C1461DFCE319}.Release|x64.Build.0 = Release|x64
		{D9EAD2DF-0AE4-4223-9260-C6F6D1438550}.Debug|Win32.ActiveCfg = Debug|Win32
		{D9EAD2DF-0AE4-4223-9260-C6F6D1438550}.Debug|Win32.Build.0 = Debug|Win32
		{D9EAD2DF-0AE4-4223-9260-C6F6D1438550}.Debug|x64.ActiveCfg = Debug|x64
		{D9EAD2DF-0AE4-4223-9260-C6F6D1438550}.Release|Win32.ActiveCfg = Release|Win32
		{D9EAD2DF-0AE4-4223-9260-C6F6D1438550}.Release|Win32.Build.0 = Release|Win32
		{D9EAD2DF-0AE4-4223-9260-C6F6D1438550}.Release|x64.ActiveCfg = Release|x64
		{F0D916DF-DF90-4874-B07B-235D4B17A8A1}.Debug|Win32.ActiveCfg = Debug|Win32
		{F0D916DF-DF90-4874-B07B-235D4B17A8A1}.Debug|Win32.Build.0 = Debug|Win32
		{F0D916DF-DF90-4874-B07B-235D4B17A8A1}.Debug|x64.ActiveCfg = Debug|x64
		{F0D916DF-DF90-4874-B07B-235D4B17A8A1}.Release|Win32.ActiveCfg = Release|Win32
		{F0D916DF-DF90-4874-B07B-235D4B17A8A1}.Release|Win32.Build.0 = Release|Win32
		{F0D916DF-DF90-4874-B07B-235D4B17A8A1}.Release|x64.ActiveCfg = Release|x64
		{19DFE69F-20E0-4476-9EC6-44FA56011EDB}.Debug|Win32.ActiveCfg = Debug|Win32
		{19DFE69F-20E0-4476-9EC6-44FA56011EDB}.Debug|Win32.Build.0 = Debug|Win32
		{19DFE69F-20E0-4476-9EC6-44FA56011EDB}.Debug|x64.ActiveCfg = Debug|x64
		{19DFE69F-20E0-4476-9EC6-44FA56011EDB}.Release|Win32.ActiveCfg = Release|Win32
		{19DFE69F-20E0-4476-9EC6-44FA56011EDB}.Release|Win32.Build.0 = Release|Win32
		{19DFE69F-20E0-4476-9EC6-44FA56011EDB}.Release|x64.ActiveCfg = Release|x64
		{C46E192F-0231-435F-A3EC-8E971CF55CCC}.Debug|Win32.ActiveCfg = Debug|Win32
		{C46E192F-0231-435F-A3EC-8E971CF55CCC}.Debug|Win32.Build.0 = Debug|Win32
		{C46E192F-0231-435F-A3EC-8E971CF55CCC}.Debug|x64.ActiveCfg = Debug|x64
		{C46E192F-0231-435F-A3EC-8E971CF55CCC}.Release|Win32.ActiveCfg = Release|Win32
		{C46E192F-0231-435F-A3EC-8E971CF55CCC}.Release|Win32.Build.0 = Release|Win32
		{C46E192F-0231-435F-A3EC-8E971CF55CCC}.Release|x64.ActiveCfg = Release|x64
		{06061BB0-8F8D-461C-8DA2-A1E5E640B2BF}.Debug|Win32.ActiveCfg = Debug|Win32
		{06061BB0-8F8D-461C-8DA2-A1E5E640B2BF}.Debug|Win32.Build.0 = Debug|Win32
		{06061BB0-8F8D-461C-8DA2-A1E5E640B2BF}.Debug|x64.ActiveCfg = Debug|x64
		{06061BB0-8F8D-461C-8DA2-A1E5E640B2BF}.Release|Win32.ActiveCfg = Release|Win32
		{06061BB0-8F8D-461C-8DA2-A1E5E640B2BF}.Release|Win32.Build.0 = Release|Win32
		{06061BB0-8F8D-461C-8DA2-A1E5E640B2BF}.Release|x64.ActiveCfg = Release|x64
		{A1606B27-1041-4C3F-BC1C-C3760280344D}.Debug|Win32.ActiveCfg = Debug|Win32
		{A1606B27-1041-4C3F-BC1C-C3760280344D}.Debug|Win32.Build.0 = Debug|Win32
		{A1606B27-1041-4C3F-BC1C-C3760280344D}.Debug|x64.ActiveCfg = Debug|x64
		{A1606B27-1041-4C3F-BC1C-C3760280344D}.Release|Win32.ActiveCfg = Release|Win32
		{A1606B27-1041-4C3F-BC1C-C3760280344D}.Release|Win32.Build.0 = Release|Win32
		{A1606B27-1041-4C3F-BC1C-C3760280344D}.Release|x64.ActiveCfg = Release|x64
		{2C9C764C-7D9A-46FB-A717-7D427D38FE83}.Debug|Win32.ActiveCfg = Debug|Win32
		{2C9C764C-7D9A-46FB-A717-7D427D38FE83}.Debug|Win32.Build.0 = Debug|Win32
		{2C9C764C-7D9A-46FB-A717-7D427D38FE83}.Debug|x64.ActiveCfg = Debug|x64
		{2C9C764C-7D9A-46FB-A717-7D427D38FE83}.Release|Win32.ActiveCfg = Release|Win32
		{2C9C764C-7D9A-46FB-A717-7D427D38FE83}.Release|Win32.Build.0 = Release|Win32
		{2C9C764C-7D9A-46FB-A717-7D427D38FE83}.Release|x64.ActiveCfg = Release|x64
	EndGlobalSection
	GlobalSection(SolutionProperties) = preSolution
		HideSolutionNode = FALSE
	EndGlobalSection
	GlobalSection(NestedProjects) = preSolution
		{06061BB0-8F8D-461C-8DA2-A1E5E640B2BF} = {343C53F4-B1C9-4C1C-8640-82EBEB14982E}
		{A1606B27-1041-4C3F-BC1C-C3760280344D} = {343C53F4-B1C9-4C1C-8640-82EBEB14982E}
		{2C9C764C-7D9A-46FB-A717-7D427D38FE83} = {343C53F4-B1C9-4C1C-8640-82EBEB14982E}
	EndGlobalSection
EndGlobal
